// !$*UTF8*$!
{
	archiveVersion = 1;
	classes = {
	};
	objectVersion = 56;
	objects = {

/* Begin PBXBuildFile section */
		8B2FF49D2A03F9BA00B46438 /* ExampleCell.swift in Sources */ = {isa = PBXBuildFile; fileRef = 8B2FF49C2A03F9BA00B46438 /* ExampleCell.swift */; };
		8B2FF4A12A043F8900B46438 /* Network.swift in Sources */ = {isa = PBXBuildFile; fileRef = 8B2FF4A02A043F8900B46438 /* Network.swift */; };
		8B5C0AEF2A1E047E00FC6D79 /* SingleItemViewConfigurator.swift in Sources */ = {isa = PBXBuildFile; fileRef = 8B5C0AEE2A1E047E00FC6D79 /* SingleItemViewConfigurator.swift */; };
		8B6582F32A03BEB600609E04 /* AppDelegate.swift in Sources */ = {isa = PBXBuildFile; fileRef = 8B6582F22A03BEB600609E04 /* AppDelegate.swift */; };
		8B6582F52A03BEB600609E04 /* SceneDelegate.swift in Sources */ = {isa = PBXBuildFile; fileRef = 8B6582F42A03BEB600609E04 /* SceneDelegate.swift */; };
		8B6582F72A03BEB600609E04 /* ViewController.swift in Sources */ = {isa = PBXBuildFile; fileRef = 8B6582F62A03BEB600609E04 /* ViewController.swift */; };
		8B6582FC2A03BEB800609E04 /* Assets.xcassets in Resources */ = {isa = PBXBuildFile; fileRef = 8B6582FB2A03BEB800609E04 /* Assets.xcassets */; };
		8B6582FF2A03BEB800609E04 /* LaunchScreen.storyboard in Resources */ = {isa = PBXBuildFile; fileRef = 8B6582FD2A03BEB800609E04 /* LaunchScreen.storyboard */; };
		8B87C3812A165D100017164D /* TableViewConfigurator.swift in Sources */ = {isa = PBXBuildFile; fileRef = 8B87C3802A165D100017164D /* TableViewConfigurator.swift */; };
		8B87C3832A165D5E0017164D /* TableViewModel.swift in Sources */ = {isa = PBXBuildFile; fileRef = 8B87C3822A165D5E0017164D /* TableViewModel.swift */; };
		8B87C3872A1663880017164D /* TableViewDataSource.swift in Sources */ = {isa = PBXBuildFile; fileRef = 8B87C3862A1663880017164D /* TableViewDataSource.swift */; };
		8B87C3892A166BD50017164D /* TableViewDelegate.swift in Sources */ = {isa = PBXBuildFile; fileRef = 8B87C3882A166BD50017164D /* TableViewDelegate.swift */; };
		8B87C38B2A1683F00017164D /* TableViewCoordinator.swift in Sources */ = {isa = PBXBuildFile; fileRef = 8B87C38A2A1683F00017164D /* TableViewCoordinator.swift */; };
		8B87C38F2A1B788C0017164D /* SingleItemViewController.swift in Sources */ = {isa = PBXBuildFile; fileRef = 8B87C38E2A1B788C0017164D /* SingleItemViewController.swift */; };
		8B87C3912A1B7AF50017164D /* SingleItemViewModel.swift in Sources */ = {isa = PBXBuildFile; fileRef = 8B87C3902A1B7AF50017164D /* SingleItemViewModel.swift */; };
/* End PBXBuildFile section */

/* Begin PBXFileReference section */
		8B2FF49C2A03F9BA00B46438 /* ExampleCell.swift */ = {isa = PBXFileReference; lastKnownFileType = sourcecode.swift; path = ExampleCell.swift; sourceTree = "<group>"; };
		8B2FF4A02A043F8900B46438 /* Network.swift */ = {isa = PBXFileReference; lastKnownFileType = sourcecode.swift; path = Network.swift; sourceTree = "<group>"; };
		8B5C0AEE2A1E047E00FC6D79 /* SingleItemViewConfigurator.swift */ = {isa = PBXFileReference; lastKnownFileType = sourcecode.swift; path = SingleItemViewConfigurator.swift; sourceTree = "<group>"; };
		8B6582EF2A03BEB600609E04 /* APITableView.app */ = {isa = PBXFileReference; explicitFileType = wrapper.application; includeInIndex = 0; path = APITableView.app; sourceTree = BUILT_PRODUCTS_DIR; };
		8B6582F22A03BEB600609E04 /* AppDelegate.swift */ = {isa = PBXFileReference; lastKnownFileType = sourcecode.swift; path = AppDelegate.swift; sourceTree = "<group>"; };
		8B6582F42A03BEB600609E04 /* SceneDelegate.swift */ = {isa = PBXFileReference; lastKnownFileType = sourcecode.swift; path = SceneDelegate.swift; sourceTree = "<group>"; };
		8B6582F62A03BEB600609E04 /* ViewController.swift */ = {isa = PBXFileReference; lastKnownFileType = sourcecode.swift; path = ViewController.swift; sourceTree = "<group>"; };
		8B6582FB2A03BEB800609E04 /* Assets.xcassets */ = {isa = PBXFileReference; lastKnownFileType = folder.assetcatalog; path = Assets.xcassets; sourceTree = "<group>"; };
		8B6582FE2A03BEB800609E04 /* Base */ = {isa = PBXFileReference; lastKnownFileType = file.storyboard; name = Base; path = Base.lproj/LaunchScreen.storyboard; sourceTree = "<group>"; };
		8B6583002A03BEB800609E04 /* Info.plist */ = {isa = PBXFileReference; lastKnownFileType = text.plist.xml; path = Info.plist; sourceTree = "<group>"; };
		8B87C3802A165D100017164D /* TableViewConfigurator.swift */ = {isa = PBXFileReference; lastKnownFileType = sourcecode.swift; path = TableViewConfigurator.swift; sourceTree = "<group>"; };
		8B87C3822A165D5E0017164D /* TableViewModel.swift */ = {isa = PBXFileReference; lastKnownFileType = sourcecode.swift; path = TableViewModel.swift; sourceTree = "<group>"; };
		8B87C3862A1663880017164D /* TableViewDataSource.swift */ = {isa = PBXFileReference; lastKnownFileType = sourcecode.swift; path = TableViewDataSource.swift; sourceTree = "<group>"; };
		8B87C3882A166BD50017164D /* TableViewDelegate.swift */ = {isa = PBXFileReference; lastKnownFileType = sourcecode.swift; path = TableViewDelegate.swift; sourceTree = "<group>"; };
		8B87C38A2A1683F00017164D /* TableViewCoordinator.swift */ = {isa = PBXFileReference; lastKnownFileType = sourcecode.swift; path = TableViewCoordinator.swift; sourceTree = "<group>"; };
		8B87C38E2A1B788C0017164D /* SingleItemViewController.swift */ = {isa = PBXFileReference; lastKnownFileType = sourcecode.swift; path = SingleItemViewController.swift; sourceTree = "<group>"; };
		8B87C3902A1B7AF50017164D /* SingleItemViewModel.swift */ = {isa = PBXFileReference; lastKnownFileType = sourcecode.swift; path = SingleItemViewModel.swift; sourceTree = "<group>"; };
/* End PBXFileReference section */

/* Begin PBXFrameworksBuildPhase section */
		8B6582EC2A03BEB600609E04 /* Frameworks */ = {
			isa = PBXFrameworksBuildPhase;
			buildActionMask = 2147483647;
			files = (
			);
			runOnlyForDeploymentPostprocessing = 0;
		};
/* End PBXFrameworksBuildPhase section */

/* Begin PBXGroup section */
		8B6582E62A03BEB500609E04 = {
			isa = PBXGroup;
			children = (
				8B6582F12A03BEB600609E04 /* NavigationTest */,
				8B6582F02A03BEB600609E04 /* Products */,
			);
			sourceTree = "<group>";
		};
		8B6582F02A03BEB600609E04 /* Products */ = {
			isa = PBXGroup;
			children = (
				8B6582EF2A03BEB600609E04 /* APITableView.app */,
			);
			name = Products;
			sourceTree = "<group>";
		};
		8B6582F12A03BEB600609E04 /* NavigationTest */ = {
			isa = PBXGroup;
			children = (
				8B6582F22A03BEB600609E04 /* AppDelegate.swift */,
				8B6582F42A03BEB600609E04 /* SceneDelegate.swift */,
				8B2FF4A02A043F8900B46438 /* Network.swift */,
				8B87C38D2A1B780C0017164D /* TableView */,
				8B87C38C2A1B77E50017164D /* SingleItem */,
				8B6582FB2A03BEB800609E04 /* Assets.xcassets */,
				8B6582FD2A03BEB800609E04 /* LaunchScreen.storyboard */,
				8B6583002A03BEB800609E04 /* Info.plist */,
			);
			path = NavigationTest;
			sourceTree = "<group>";
		};
		8B87C38C2A1B77E50017164D /* SingleItem */ = {
			isa = PBXGroup;
			children = (
				8B87C38E2A1B788C0017164D /* SingleItemViewController.swift */,
				8B87C3902A1B7AF50017164D /* SingleItemViewModel.swift */,
				8B5C0AEE2A1E047E00FC6D79 /* SingleItemViewConfigurator.swift */,
			);
			path = SingleItem;
			sourceTree = "<group>";
		};
		8B87C38D2A1B780C0017164D /* TableView */ = {
			isa = PBXGroup;
			children = (
				8B6582F62A03BEB600609E04 /* ViewController.swift */,
				8B2FF49C2A03F9BA00B46438 /* ExampleCell.swift */,
				8B87C3802A165D100017164D /* TableViewConfigurator.swift */,
				8B87C3822A165D5E0017164D /* TableViewModel.swift */,
				8B87C3862A1663880017164D /* TableViewDataSource.swift */,
				8B87C3882A166BD50017164D /* TableViewDelegate.swift */,
				8B87C38A2A1683F00017164D /* TableViewCoordinator.swift */,
			);
			path = TableView;
			sourceTree = "<group>";
		};
/* End PBXGroup section */

/* Begin PBXNativeTarget section */
		8B6582EE2A03BEB600609E04 /* APITableView */ = {
			isa = PBXNativeTarget;
			buildConfigurationList = 8B6583032A03BEB800609E04 /* Build configuration list for PBXNativeTarget "APITableView" */;
			buildPhases = (
				8B6582EB2A03BEB600609E04 /* Sources */,
				8B6582EC2A03BEB600609E04 /* Frameworks */,
				8B6582ED2A03BEB600609E04 /* Resources */,
			);
			buildRules = (
			);
			dependencies = (
			);
			name = APITableView;
			productName = NavigationTest;
			productReference = 8B6582EF2A03BEB600609E04 /* APITableView.app */;
			productType = "com.apple.product-type.application";
		};
/* End PBXNativeTarget section */

/* Begin PBXProject section */
		8B6582E72A03BEB500609E04 /* Project object */ = {
			isa = PBXProject;
			attributes = {
				BuildIndependentTargetsInParallel = 1;
				LastSwiftUpdateCheck = 1420;
				LastUpgradeCheck = 1420;
				TargetAttributes = {
					8B6582EE2A03BEB600609E04 = {
						CreatedOnToolsVersion = 14.2;
					};
				};
			};
			buildConfigurationList = 8B6582EA2A03BEB500609E04 /* Build configuration list for PBXProject "APITableView" */;
			compatibilityVersion = "Xcode 14.0";
			developmentRegion = en;
			hasScannedForEncodings = 0;
			knownRegions = (
				en,
				Base,
			);
			mainGroup = 8B6582E62A03BEB500609E04;
			productRefGroup = 8B6582F02A03BEB600609E04 /* Products */;
			projectDirPath = "";
			projectRoot = "";
			targets = (
				8B6582EE2A03BEB600609E04 /* APITableView */,
			);
		};
/* End PBXProject section */

/* Begin PBXResourcesBuildPhase section */
		8B6582ED2A03BEB600609E04 /* Resources */ = {
			isa = PBXResourcesBuildPhase;
			buildActionMask = 2147483647;
			files = (
				8B6582FF2A03BEB800609E04 /* LaunchScreen.storyboard in Resources */,
				8B6582FC2A03BEB800609E04 /* Assets.xcassets in Resources */,
			);
			runOnlyForDeploymentPostprocessing = 0;
		};
/* End PBXResourcesBuildPhase section */

/* Begin PBXSourcesBuildPhase section */
		8B6582EB2A03BEB600609E04 /* Sources */ = {
			isa = PBXSourcesBuildPhase;
			buildActionMask = 2147483647;
			files = (
				8B87C3892A166BD50017164D /* TableViewDelegate.swift in Sources */,
				8B87C3872A1663880017164D /* TableViewDataSource.swift in Sources */,
				8B2FF49D2A03F9BA00B46438 /* ExampleCell.swift in Sources */,
				8B5C0AEF2A1E047E00FC6D79 /* SingleItemViewConfigurator.swift in Sources */,
				8B2FF4A12A043F8900B46438 /* Network.swift in Sources */,
				8B87C38B2A1683F00017164D /* TableViewCoordinator.swift in Sources */,
				8B87C3912A1B7AF50017164D /* SingleItemViewModel.swift in Sources */,
				8B6582F72A03BEB600609E04 /* ViewController.swift in Sources */,
				8B87C3832A165D5E0017164D /* TableViewModel.swift in Sources */,
				8B6582F32A03BEB600609E04 /* AppDelegate.swift in Sources */,
				8B87C38F2A1B788C0017164D /* SingleItemViewController.swift in Sources */,
				8B6582F52A03BEB600609E04 /* SceneDelegate.swift in Sources */,
				8B87C3812A165D100017164D /* TableViewConfigurator.swift in Sources */,
			);
			runOnlyForDeploymentPostprocessing = 0;
		};
/* End PBXSourcesBuildPhase section */

/* Begin PBXVariantGroup section */
		8B6582FD2A03BEB800609E04 /* LaunchScreen.storyboard */ = {
			isa = PBXVariantGroup;
			children = (
				8B6582FE2A03BEB800609E04 /* Base */,
			);
			name = LaunchScreen.storyboard;
			sourceTree = "<group>";
		};
/* End PBXVariantGroup section */

/* Begin XCBuildConfiguration section */
		8B6583012A03BEB800609E04 /* Debug */ = {
			isa = XCBuildConfiguration;
			buildSettings = {
				ALWAYS_SEARCH_USER_PATHS = NO;
				CLANG_ANALYZER_NONNULL = YES;
				CLANG_ANALYZER_NUMBER_OBJECT_CONVERSION = YES_AGGRESSIVE;
				CLANG_CXX_LANGUAGE_STANDARD = "gnu++20";
				CLANG_ENABLE_MODULES = YES;
				CLANG_ENABLE_OBJC_ARC = YES;
				CLANG_ENABLE_OBJC_WEAK = YES;
				CLANG_WARN_BLOCK_CAPTURE_AUTORELEASING = YES;
				CLANG_WARN_BOOL_CONVERSION = YES;
				CLANG_WARN_COMMA = YES;
				CLANG_WARN_CONSTANT_CONVERSION = YES;
				CLANG_WARN_DEPRECATED_OBJC_IMPLEMENTATIONS = YES;
				CLANG_WARN_DIRECT_OBJC_ISA_USAGE = YES_ERROR;
				CLANG_WARN_DOCUMENTATION_COMMENTS = YES;
				CLANG_WARN_EMPTY_BODY = YES;
				CLANG_WARN_ENUM_CONVERSION = YES;
				CLANG_WARN_INFINITE_RECURSION = YES;
				CLANG_WARN_INT_CONVERSION = YES;
				CLANG_WARN_NON_LITERAL_NULL_CONVERSION = YES;
				CLANG_WARN_OBJC_IMPLICIT_RETAIN_SELF = YES;
				CLANG_WARN_OBJC_LITERAL_CONVERSION = YES;
				CLANG_WARN_OBJC_ROOT_CLASS = YES_ERROR;
				CLANG_WARN_QUOTED_INCLUDE_IN_FRAMEWORK_HEADER = YES;
				CLANG_WARN_RANGE_LOOP_ANALYSIS = YES;
				CLANG_WARN_STRICT_PROTOTYPES = YES;
				CLANG_WARN_SUSPICIOUS_MOVE = YES;
				CLANG_WARN_UNGUARDED_AVAILABILITY = YES_AGGRESSIVE;
				CLANG_WARN_UNREACHABLE_CODE = YES;
				CLANG_WARN__DUPLICATE_METHOD_MATCH = YES;
				COPY_PHASE_STRIP = NO;
				DEBUG_INFORMATION_FORMAT = dwarf;
				ENABLE_STRICT_OBJC_MSGSEND = YES;
				ENABLE_TESTABILITY = YES;
				GCC_C_LANGUAGE_STANDARD = gnu11;
				GCC_DYNAMIC_NO_PIC = NO;
				GCC_NO_COMMON_BLOCKS = YES;
				GCC_OPTIMIZATION_LEVEL = 0;
				GCC_PREPROCESSOR_DEFINITIONS = (
					"DEBUG=1",
					"$(inherited)",
				);
				GCC_WARN_64_TO_32_BIT_CONVERSION = YES;
				GCC_WARN_ABOUT_RETURN_TYPE = YES_ERROR;
				GCC_WARN_UNDECLARED_SELECTOR = YES;
				GCC_WARN_UNINITIALIZED_AUTOS = YES_AGGRESSIVE;
				GCC_WARN_UNUSED_FUNCTION = YES;
				GCC_WARN_UNUSED_VARIABLE = YES;
				IPHONEOS_DEPLOYMENT_TARGET = 16.2;
				MTL_ENABLE_DEBUG_INFO = INCLUDE_SOURCE;
				MTL_FAST_MATH = YES;
				ONLY_ACTIVE_ARCH = YES;
				SDKROOT = iphoneos;
				SWIFT_ACTIVE_COMPILATION_CONDITIONS = DEBUG;
				SWIFT_OPTIMIZATION_LEVEL = "-Onone";
			};
			name = Debug;
		};
		8B6583022A03BEB800609E04 /* Release */ = {
			isa = XCBuildConfiguration;
			buildSettings = {
				ALWAYS_SEARCH_USER_PATHS = NO;
				CLANG_ANALYZER_NONNULL = YES;
				CLANG_ANALYZER_NUMBER_OBJECT_CONVERSION = YES_AGGRESSIVE;
				CLANG_CXX_LANGUAGE_STANDARD = "gnu++20";
				CLANG_ENABLE_MODULES = YES;
				CLANG_ENABLE_OBJC_ARC = YES;
				CLANG_ENABLE_OBJC_WEAK = YES;
				CLANG_WARN_BLOCK_CAPTURE_AUTORELEASING = YES;
				CLANG_WARN_BOOL_CONVERSION = YES;
				CLANG_WARN_COMMA = YES;
				CLANG_WARN_CONSTANT_CONVERSION = YES;
				CLANG_WARN_DEPRECATED_OBJC_IMPLEMENTATIONS = YES;
				CLANG_WARN_DIRECT_OBJC_ISA_USAGE = YES_ERROR;
				CLANG_WARN_DOCUMENTATION_COMMENTS = YES;
				CLANG_WARN_EMPTY_BODY = YES;
				CLANG_WARN_ENUM_CONVERSION = YES;
				CLANG_WARN_INFINITE_RECURSION = YES;
				CLANG_WARN_INT_CONVERSION = YES;
				CLANG_WARN_NON_LITERAL_NULL_CONVERSION = YES;
				CLANG_WARN_OBJC_IMPLICIT_RETAIN_SELF = YES;
				CLANG_WARN_OBJC_LITERAL_CONVERSION = YES;
				CLANG_WARN_OBJC_ROOT_CLASS = YES_ERROR;
				CLANG_WARN_QUOTED_INCLUDE_IN_FRAMEWORK_HEADER = YES;
				CLANG_WARN_RANGE_LOOP_ANALYSIS = YES;
				CLANG_WARN_STRICT_PROTOTYPES = YES;
				CLANG_WARN_SUSPICIOUS_MOVE = YES;
				CLANG_WARN_UNGUARDED_AVAILABILITY = YES_AGGRESSIVE;
				CLANG_WARN_UNREACHABLE_CODE = YES;
				CLANG_WARN__DUPLICATE_METHOD_MATCH = YES;
				COPY_PHASE_STRIP = NO;
				DEBUG_INFORMATION_FORMAT = "dwarf-with-dsym";
				ENABLE_NS_ASSERTIONS = NO;
				ENABLE_STRICT_OBJC_MSGSEND = YES;
				GCC_C_LANGUAGE_STANDARD = gnu11;
				GCC_NO_COMMON_BLOCKS = YES;
				GCC_WARN_64_TO_32_BIT_CONVERSION = YES;
				GCC_WARN_ABOUT_RETURN_TYPE = YES_ERROR;
				GCC_WARN_UNDECLARED_SELECTOR = YES;
				GCC_WARN_UNINITIALIZED_AUTOS = YES_AGGRESSIVE;
				GCC_WARN_UNUSED_FUNCTION = YES;
				GCC_WARN_UNUSED_VARIABLE = YES;
				IPHONEOS_DEPLOYMENT_TARGET = 16.2;
				MTL_ENABLE_DEBUG_INFO = NO;
				MTL_FAST_MATH = YES;
				SDKROOT = iphoneos;
				SWIFT_COMPILATION_MODE = wholemodule;
				SWIFT_OPTIMIZATION_LEVEL = "-O";
				VALIDATE_PRODUCT = YES;
			};
			name = Release;
		};
		8B6583042A03BEB800609E04 /* Debug */ = {
			isa = XCBuildConfiguration;
			buildSettings = {
				ASSETCATALOG_COMPILER_APPICON_NAME = AppIcon;
				ASSETCATALOG_COMPILER_GLOBAL_ACCENT_COLOR_NAME = AccentColor;
				CODE_SIGN_STYLE = Automatic;
				CURRENT_PROJECT_VERSION = 1;
				GENERATE_INFOPLIST_FILE = YES;
				INFOPLIST_FILE = NavigationTest/Info.plist;
				INFOPLIST_KEY_UIApplicationSupportsIndirectInputEvents = YES;
				INFOPLIST_KEY_UILaunchStoryboardName = LaunchScreen;
				INFOPLIST_KEY_UISupportedInterfaceOrientations_iPad = "UIInterfaceOrientationPortrait UIInterfaceOrientationPortraitUpsideDown UIInterfaceOrientationLandscapeLeft UIInterfaceOrientationLandscapeRight";
				INFOPLIST_KEY_UISupportedInterfaceOrientations_iPhone = "UIInterfaceOrientationPortrait UIInterfaceOrientationLandscapeLeft UIInterfaceOrientationLandscapeRight";
				LD_RUNPATH_SEARCH_PATHS = (
					"$(inherited)",
					"@executable_path/Frameworks",
				);
				MARKETING_VERSION = 1.0;
				PRODUCT_BUNDLE_IDENTIFIER = me.NavigationTest;
				PRODUCT_NAME = "$(TARGET_NAME)";
				SWIFT_EMIT_LOC_STRINGS = YES;
				SWIFT_VERSION = 5.0;
				TARGETED_DEVICE_FAMILY = "1,2";
			};
			name = Debug;
		};
		8B6583052A03BEB800609E04 /* Release */ = {
			isa = XCBuildConfiguration;
			buildSettings = {
				ASSETCATALOG_COMPILER_APPICON_NAME = AppIcon;
				ASSETCATALOG_COMPILER_GLOBAL_ACCENT_COLOR_NAME = AccentColor;
				CODE_SIGN_STYLE = Automatic;
				CURRENT_PROJECT_VERSION = 1;
				GENERATE_INFOPLIST_FILE = YES;
				INFOPLIST_FILE = NavigationTest/Info.plist;
				INFOPLIST_KEY_UIApplicationSupportsIndirectInputEvents = YES;
				INFOPLIST_KEY_UILaunchStoryboardName = LaunchScreen;
				INFOPLIST_KEY_UISupportedInterfaceOrientations_iPad = "UIInterfaceOrientationPortrait UIInterfaceOrientationPortraitUpsideDown UIInterfaceOrientationLandscapeLeft UIInterfaceOrientationLandscapeRight";
				INFOPLIST_KEY_UISupportedInterfaceOrientations_iPhone = "UIInterfaceOrientationPortrait UIInterfaceOrientationLandscapeLeft UIInterfaceOrientationLandscapeRight";
				LD_RUNPATH_SEARCH_PATHS = (
					"$(inherited)",
					"@executable_path/Frameworks",
				);
				MARKETING_VERSION = 1.0;
				PRODUCT_BUNDLE_IDENTIFIER = me.NavigationTest;
				PRODUCT_NAME = "$(TARGET_NAME)";
				SWIFT_EMIT_LOC_STRINGS = YES;
				SWIFT_VERSION = 5.0;
				TARGETED_DEVICE_FAMILY = "1,2";
			};
			name = Release;
		};
/* End XCBuildConfiguration section */

/* Begin XCConfigurationList section */
		8B6582EA2A03BEB500609E04 /* Build configuration list for PBXProject "APITableView" */ = {
			isa = XCConfigurationList;
			buildConfigurations = (
				8B6583012A03BEB800609E04 /* Debug */,
				8B6583022A03BEB800609E04 /* Release */,
			);
			defaultConfigurationIsVisible = 0;
			defaultConfigurationName = Release;
		};
		8B6583032A03BEB800609E04 /* Build configuration list for PBXNativeTarget "APITableView" */ = {
			isa = XCConfigurationList;
			buildConfigurations = (
				8B6583042A03BEB800609E04 /* Debug */,
				8B6583052A03BEB800609E04 /* Release */,
			);
			defaultConfigurationIsVisible = 0;
			defaultConfigurationName = Release;
		};
/* End XCConfigurationList section */
	};
	rootObject = 8B6582E72A03BEB500609E04 /* Project object */;
}
